
Microsoft Visual Studio Solution File, Format Version 12.00
# Visual Studio Express 15 for Windows Desktop
VisualStudioVersion = 15.0.27703.2047
MinimumVisualStudioVersion = 10.0.40219.1
Project("{FAE04EC0-301F-11D3-BF4B-00C04F79EFBC}") = "ResourcesAndResourceDictionary", "ResourcesAndResourceDictionary\ResourcesAndResourceDictionary.csproj", "{F7CD4854-C263-46F8-8EF3-9A24C2A5DB6E}"
EndProject
Global
	GlobalSection(SolutionConfigurationPlatforms) = preSolution
		Debug|Any CPU = Debug|Any CPU
		Release|Any CPU = Release|Any CPU
	EndGlobalSection
	GlobalSection(ProjectConfigurationPlatforms) = postSolution
		{F7CD4854-C263-46F8-8EF3-9A24C2A5DB6E}.Debug|Any CPU.ActiveCfg = Debug|Any CPU
		{F7CD4854-C263-46F8-8EF3-9A24C2A5DB6E}.Debug|Any CPU.Build.0 = Debug|Any CPU
		{F7CD4854-C263-46F8-8EF3-9A24C2A5DB6E}.Release|Any CPU.ActiveCfg = Release|Any CPU
		{F7CD4854-C263-46F8-8EF3-9A24C2A5DB6E}.Release|Any CPU.Build.0 = Release|Any CPU
	EndGlobalSection
	GlobalSection(SolutionProperties) = preSolution
		HideSolutionNode = FALSE
	EndGlobalSection
	GlobalSection(ExtensibilityGlobals) = postSolution
		SolutionGuid = {E4A42111-40BE-453E-8EAA-267DD7944A09}
	EndGlobalSection
EndGlobal
