
Microsoft Visual Studio Solution File, Format Version 12.00
# Visual Studio Express 15 for Windows Desktop
VisualStudioVersion = 15.0.27703.2047
MinimumVisualStudioVersion = 10.0.40219.1
Project("{FAE04EC0-301F-11D3-BF4B-00C04F79EFBC}") = "Inventory", "Inventory\Inventory.csproj", "{263A6595-A727-4283-9CC4-9471000122BF}"
EndProject
Global
	GlobalSection(SolutionConfigurationPlatforms) = preSolution
		Debug|Any CPU = Debug|Any CPU
		Release|Any CPU = Release|Any CPU
	EndGlobalSection
	GlobalSection(ProjectConfigurationPlatforms) = postSolution
		{263A6595-A727-4283-9CC4-9471000122BF}.Debug|Any CPU.ActiveCfg = Debug|Any CPU
		{263A6595-A727-4283-9CC4-9471000122BF}.Debug|Any CPU.Build.0 = Debug|Any CPU
		{263A6595-A727-4283-9CC4-9471000122BF}.Release|Any CPU.ActiveCfg = Release|Any CPU
		{263A6595-A727-4283-9CC4-9471000122BF}.Release|Any CPU.Build.0 = Release|Any CPU
	EndGlobalSection
	GlobalSection(SolutionProperties) = preSolution
		HideSolutionNode = FALSE
	EndGlobalSection
	GlobalSection(ExtensibilityGlobals) = postSolution
		SolutionGuid = {935D2D1E-93EE-499B-94D3-96DE82F8BBE6}
	EndGlobalSection
EndGlobal
