
Microsoft Visual Studio Solution File, Format Version 12.00
# Visual Studio Express 15 for Windows Desktop
VisualStudioVersion = 15.0.27703.2047
MinimumVisualStudioVersion = 10.0.40219.1
Project("{FAE04EC0-301F-11D3-BF4B-00C04F79EFBC}") = "Mvvm-TestDriven", "Mvvm-TestDriven\Mvvm-TestDriven.csproj", "{AFB50F9F-9674-4C42-A5FD-DFCE546AACAD}"
EndProject
Global
	GlobalSection(SolutionConfigurationPlatforms) = preSolution
		Debug|Any CPU = Debug|Any CPU
		Release|Any CPU = Release|Any CPU
	EndGlobalSection
	GlobalSection(ProjectConfigurationPlatforms) = postSolution
		{AFB50F9F-9674-4C42-A5FD-DFCE546AACAD}.Debug|Any CPU.ActiveCfg = Debug|Any CPU
		{AFB50F9F-9674-4C42-A5FD-DFCE546AACAD}.Debug|Any CPU.Build.0 = Debug|Any CPU
		{AFB50F9F-9674-4C42-A5FD-DFCE546AACAD}.Release|Any CPU.ActiveCfg = Release|Any CPU
		{AFB50F9F-9674-4C42-A5FD-DFCE546AACAD}.Release|Any CPU.Build.0 = Release|Any CPU
	EndGlobalSection
	GlobalSection(SolutionProperties) = preSolution
		HideSolutionNode = FALSE
	EndGlobalSection
	GlobalSection(ExtensibilityGlobals) = postSolution
		SolutionGuid = {447DC0EE-32A6-4506-ABFF-F8368D3E15F6}
	EndGlobalSection
EndGlobal
