
Microsoft Visual Studio Solution File, Format Version 12.00
# Visual Studio Express 15 for Windows Desktop
VisualStudioVersion = 15.0.27703.2047
MinimumVisualStudioVersion = 10.0.40219.1
Project("{FAE04EC0-301F-11D3-BF4B-00C04F79EFBC}") = "Appointment-Management-System-doctor", "Appointment-Management-System-doctor\Appointment-Management-System-doctor.csproj", "{400CF2FA-4C35-4EA2-B591-000B4B23CFA9}"
EndProject
Global
	GlobalSection(SolutionConfigurationPlatforms) = preSolution
		Debug|Any CPU = Debug|Any CPU
		Release|Any CPU = Release|Any CPU
	EndGlobalSection
	GlobalSection(ProjectConfigurationPlatforms) = postSolution
		{400CF2FA-4C35-4EA2-B591-000B4B23CFA9}.Debug|Any CPU.ActiveCfg = Debug|Any CPU
		{400CF2FA-4C35-4EA2-B591-000B4B23CFA9}.Debug|Any CPU.Build.0 = Debug|Any CPU
		{400CF2FA-4C35-4EA2-B591-000B4B23CFA9}.Release|Any CPU.ActiveCfg = Release|Any CPU
		{400CF2FA-4C35-4EA2-B591-000B4B23CFA9}.Release|Any CPU.Build.0 = Release|Any CPU
	EndGlobalSection
	GlobalSection(SolutionProperties) = preSolution
		HideSolutionNode = FALSE
	EndGlobalSection
	GlobalSection(ExtensibilityGlobals) = postSolution
		SolutionGuid = {0164550F-3A14-46E1-A140-CD39423D6D01}
	EndGlobalSection
EndGlobal
