
Microsoft Visual Studio Solution File, Format Version 12.00
# Visual Studio Express 15 for Windows Desktop
VisualStudioVersion = 15.0.27703.2047
MinimumVisualStudioVersion = 10.0.40219.1
Project("{FAE04EC0-301F-11D3-BF4B-00C04F79EFBC}") = "Counter", "Counter\Counter.csproj", "{FED75609-D041-4F30-86A2-8206E8222604}"
EndProject
Global
	GlobalSection(SolutionConfigurationPlatforms) = preSolution
		Debug|Any CPU = Debug|Any CPU
		Release|Any CPU = Release|Any CPU
	EndGlobalSection
	GlobalSection(ProjectConfigurationPlatforms) = postSolution
		{FED75609-D041-4F30-86A2-8206E8222604}.Debug|Any CPU.ActiveCfg = Debug|Any CPU
		{FED75609-D041-4F30-86A2-8206E8222604}.Debug|Any CPU.Build.0 = Debug|Any CPU
		{FED75609-D041-4F30-86A2-8206E8222604}.Release|Any CPU.ActiveCfg = Release|Any CPU
		{FED75609-D041-4F30-86A2-8206E8222604}.Release|Any CPU.Build.0 = Release|Any CPU
	EndGlobalSection
	GlobalSection(SolutionProperties) = preSolution
		HideSolutionNode = FALSE
	EndGlobalSection
	GlobalSection(ExtensibilityGlobals) = postSolution
		SolutionGuid = {F29CEF06-649D-46B0-95B4-499D8B65DE65}
	EndGlobalSection
EndGlobal
