
Microsoft Visual Studio Solution File, Format Version 12.00
# Visual Studio Express 15 for Windows Desktop
VisualStudioVersion = 15.0.27703.2047
MinimumVisualStudioVersion = 10.0.40219.1
Project("{FAE04EC0-301F-11D3-BF4B-00C04F79EFBC}") = "Styles", "Styles\Styles.csproj", "{C43D13CE-D8AA-4AEF-993E-6E73941371AE}"
EndProject
Global
	GlobalSection(SolutionConfigurationPlatforms) = preSolution
		Debug|Any CPU = Debug|Any CPU
		Release|Any CPU = Release|Any CPU
	EndGlobalSection
	GlobalSection(ProjectConfigurationPlatforms) = postSolution
		{C43D13CE-D8AA-4AEF-993E-6E73941371AE}.Debug|Any CPU.ActiveCfg = Debug|Any CPU
		{C43D13CE-D8AA-4AEF-993E-6E73941371AE}.Debug|Any CPU.Build.0 = Debug|Any CPU
		{C43D13CE-D8AA-4AEF-993E-6E73941371AE}.Release|Any CPU.ActiveCfg = Release|Any CPU
		{C43D13CE-D8AA-4AEF-993E-6E73941371AE}.Release|Any CPU.Build.0 = Release|Any CPU
	EndGlobalSection
	GlobalSection(SolutionProperties) = preSolution
		HideSolutionNode = FALSE
	EndGlobalSection
	GlobalSection(ExtensibilityGlobals) = postSolution
		SolutionGuid = {69CA9FCC-43E1-4E10-87F7-4AF4A0242F41}
	EndGlobalSection
EndGlobal
