
Microsoft Visual Studio Solution File, Format Version 12.00
# Visual Studio Express 15 for Windows Desktop
VisualStudioVersion = 15.0.27703.2047
MinimumVisualStudioVersion = 10.0.40219.1
Project("{FAE04EC0-301F-11D3-BF4B-00C04F79EFBC}") = "PAC_Man_Game_WPF_MOO_ICT", "PAC_Man_Game_WPF_MOO_ICT\PAC_Man_Game_WPF_MOO_ICT.csproj", "{4FF9C75E-B109-4FE1-813F-BA1430377898}"
EndProject
Global
	GlobalSection(SolutionConfigurationPlatforms) = preSolution
		Debug|Any CPU = Debug|Any CPU
		Release|Any CPU = Release|Any CPU
	EndGlobalSection
	GlobalSection(ProjectConfigurationPlatforms) = postSolution
		{4FF9C75E-B109-4FE1-813F-BA1430377898}.Debug|Any CPU.ActiveCfg = Debug|Any CPU
		{4FF9C75E-B109-4FE1-813F-BA1430377898}.Debug|Any CPU.Build.0 = Debug|Any CPU
		{4FF9C75E-B109-4FE1-813F-BA1430377898}.Release|Any CPU.ActiveCfg = Release|Any CPU
		{4FF9C75E-B109-4FE1-813F-BA1430377898}.Release|Any CPU.Build.0 = Release|Any CPU
	EndGlobalSection
	GlobalSection(SolutionProperties) = preSolution
		HideSolutionNode = FALSE
	EndGlobalSection
	GlobalSection(ExtensibilityGlobals) = postSolution
		SolutionGuid = {FB2A7C01-15DE-4401-94AD-E5B76A7B806D}
	EndGlobalSection
EndGlobal
