
Microsoft Visual Studio Solution File, Format Version 12.00
# Visual Studio Express 15 for Windows Desktop
VisualStudioVersion = 15.0.27703.2047
MinimumVisualStudioVersion = 10.0.40219.1
Project("{FAE04EC0-301F-11D3-BF4B-00C04F79EFBC}") = "styles", "styles\styles.csproj", "{308BBCD8-9E15-46F3-B0F7-CDDA5D1012EE}"
EndProject
Global
	GlobalSection(SolutionConfigurationPlatforms) = preSolution
		Debug|Any CPU = Debug|Any CPU
		Release|Any CPU = Release|Any CPU
	EndGlobalSection
	GlobalSection(ProjectConfigurationPlatforms) = postSolution
		{308BBCD8-9E15-46F3-B0F7-CDDA5D1012EE}.Debug|Any CPU.ActiveCfg = Debug|Any CPU
		{308BBCD8-9E15-46F3-B0F7-CDDA5D1012EE}.Debug|Any CPU.Build.0 = Debug|Any CPU
		{308BBCD8-9E15-46F3-B0F7-CDDA5D1012EE}.Release|Any CPU.ActiveCfg = Release|Any CPU
		{308BBCD8-9E15-46F3-B0F7-CDDA5D1012EE}.Release|Any CPU.Build.0 = Release|Any CPU
	EndGlobalSection
	GlobalSection(SolutionProperties) = preSolution
		HideSolutionNode = FALSE
	EndGlobalSection
	GlobalSection(ExtensibilityGlobals) = postSolution
		SolutionGuid = {40490348-6B0C-43C5-A2E7-53456316971E}
	EndGlobalSection
EndGlobal
